
Microsoft Visual Studio Solution File, Format Version 12.00
Project("{FAE04EC0-301F-11D3-BF4B-00C04F79EFBC}") = "MyLanguage", "MyLanguage\MyLanguage.csproj", "{9C851EF3-7E54-47D1-A4B6-441679A542D5}"
EndProject
Project("{FAE04EC0-301F-11D3-BF4B-00C04F79EFBC}") = "MyLanguage.REPL", "MyLanguage.REPL\MyLanguage.REPL.csproj", "{E258E038-B59F-48FE-B05D-D5BABA2CE39B}"
EndProject
Global
	GlobalSection(SolutionConfigurationPlatforms) = preSolution
		Debug|Any CPU = Debug|Any CPU
		Release|Any CPU = Release|Any CPU
	EndGlobalSection
	GlobalSection(ProjectConfigurationPlatforms) = postSolution
		{9C851EF3-7E54-47D1-A4B6-441679A542D5}.Debug|Any CPU.ActiveCfg = Debug|Any CPU
		{9C851EF3-7E54-47D1-A4B6-441679A542D5}.Debug|Any CPU.Build.0 = Debug|Any CPU
		{9C851EF3-7E54-47D1-A4B6-441679A542D5}.Release|Any CPU.ActiveCfg = Release|Any CPU
		{9C851EF3-7E54-47D1-A4B6-441679A542D5}.Release|Any CPU.Build.0 = Release|Any CPU
		{E258E038-B59F-48FE-B05D-D5BABA2CE39B}.Debug|Any CPU.ActiveCfg = Debug|Any CPU
		{E258E038-B59F-48FE-B05D-D5BABA2CE39B}.Debug|Any CPU.Build.0 = Debug|Any CPU
		{E258E038-B59F-48FE-B05D-D5BABA2CE39B}.Release|Any CPU.ActiveCfg = Release|Any CPU
		{E258E038-B59F-48FE-B05D-D5BABA2CE39B}.Release|Any CPU.Build.0 = Release|Any CPU
	EndGlobalSection
EndGlobal
